
Microsoft Visual Studio Solution File, Format Version 11.00
# Visual Studio 2010
Project("{FAE04EC0-301F-11D3-BF4B-00C04F79EFBC}") = "UniRx", "UniRx.csproj", "{767EF2A8-3077-4021-4D32-A356769E94D2}"
EndProject
Project("{FAE04EC0-301F-11D3-BF4B-00C04F79EFBC}") = "Assembly-CSharp", "Assembly-CSharp.csproj", "{E60D05DE-478B-1333-1A8A-2610947F6751}"
EndProject
Global
	GlobalSection(SolutionConfigurationPlatforms) = preSolution
		Debug|Any CPU = Debug|Any CPU
		Release|Any CPU = Release|Any CPU
	EndGlobalSection
	GlobalSection(ProjectConfigurationPlatforms) = postSolution
		{767EF2A8-3077-4021-4D32-A356769E94D2}.Debug|Any CPU.ActiveCfg = Debug|Any CPU
		{767EF2A8-3077-4021-4D32-A356769E94D2}.Debug|Any CPU.Build.0 = Debug|Any CPU
		{767EF2A8-3077-4021-4D32-A356769E94D2}.Release|Any CPU.ActiveCfg = Release|Any CPU
		{767EF2A8-3077-4021-4D32-A356769E94D2}.Release|Any CPU.Build.0 = Release|Any CPU
		{E60D05DE-478B-1333-1A8A-2610947F6751}.Debug|Any CPU.ActiveCfg = Debug|Any CPU
		{E60D05DE-478B-1333-1A8A-2610947F6751}.Debug|Any CPU.Build.0 = Debug|Any CPU
		{E60D05DE-478B-1333-1A8A-2610947F6751}.Release|Any CPU.ActiveCfg = Release|Any CPU
		{E60D05DE-478B-1333-1A8A-2610947F6751}.Release|Any CPU.Build.0 = Release|Any CPU
	EndGlobalSection
	GlobalSection(SolutionProperties) = preSolution
		HideSolutionNode = FALSE
	EndGlobalSection
EndGlobal
